
Microsoft Visual Studio Solution File, Format Version 12.00
# Visual Studio Version 17
VisualStudioVersion = 17.3.32811.315
MinimumVisualStudioVersion = 10.0.40219.1
Project("{F184B08F-C81C-45F6-A57F-5ABD9991F28F}") = "WindowsApp2", "WindowsApp2\WindowsApp2.vbproj", "{0B84A511-245E-400B-825B-A6B5B8AD9FE6}"
EndProject
Global
	GlobalSection(SolutionConfigurationPlatforms) = preSolution
		Debug|Any CPU = Debug|Any CPU
		Release|Any CPU = Release|Any CPU
	EndGlobalSection
	GlobalSection(ProjectConfigurationPlatforms) = postSolution
		{0B84A511-245E-400B-825B-A6B5B8AD9FE6}.Debug|Any CPU.ActiveCfg = Debug|Any CPU
		{0B84A511-245E-400B-825B-A6B5B8AD9FE6}.Debug|Any CPU.Build.0 = Debug|Any CPU
		{0B84A511-245E-400B-825B-A6B5B8AD9FE6}.Release|Any CPU.ActiveCfg = Release|Any CPU
		{0B84A511-245E-400B-825B-A6B5B8AD9FE6}.Release|Any CPU.Build.0 = Release|Any CPU
	EndGlobalSection
	GlobalSection(SolutionProperties) = preSolution
		HideSolutionNode = FALSE
	EndGlobalSection
	GlobalSection(ExtensibilityGlobals) = postSolution
		SolutionGuid = {CE63152F-4D7B-4A5C-95CD-2784B18B1C14}
	EndGlobalSection
EndGlobal
